
Microsoft Visual Studio Solution File, Format Version 12.00
# Visual Studio Version 17
VisualStudioVersion = 17.14.37516.0 d17.14
MinimumVisualStudioVersion = 10.0.40219.1
Project("{FAE04EC0-301F-11D3-BF4B-00C04F79EFBC}") = "AssignmentOOP4", "AssignmentOOP4\AssignmentOOP4.csproj", "{A70A4866-14F3-411C-81E6-FC8BD5FB2FC5}"
EndProject
Global
	GlobalSection(SolutionConfigurationPlatforms) = preSolution
		Debug|Any CPU = Debug|Any CPU
		Release|Any CPU = Release|Any CPU
	EndGlobalSection
	GlobalSection(ProjectConfigurationPlatforms) = postSolution
		{A70A4866-14F3-411C-81E6-FC8BD5FB2FC5}.Debug|Any CPU.ActiveCfg = Debug|Any CPU
		{A70A4866-14F3-411C-81E6-FC8BD5FB2FC5}.Debug|Any CPU.Build.0 = Debug|Any CPU
		{A70A4866-14F3-411C-81E6-FC8BD5FB2FC5}.Release|Any CPU.ActiveCfg = Release|Any CPU
		{A70A4866-14F3-411C-81E6-FC8BD5FB2FC5}.Release|Any CPU.Build.0 = Release|Any CPU
	EndGlobalSection
	GlobalSection(SolutionProperties) = preSolution
		HideSolutionNode = FALSE
	EndGlobalSection
	GlobalSection(ExtensibilityGlobals) = postSolution
		SolutionGuid = {DDAD4E58-BE18-42B3-B234-EBB6847FBB91}
	EndGlobalSection
EndGlobal
